
Microsoft Visual Studio Solution File, Format Version 12.00
# Visual Studio Version 17
VisualStudioVersion = 17.11.35118.90
MinimumVisualStudioVersion = 10.0.40219.1
Project("{9A19103F-16F7-4668-BE54-9A1E7A4F7556}") = "WinFormsApp1", "WinFormsApp1.csproj", "{F716AD3A-852D-4674-9554-7ACED8919028}"
EndProject
Global
	GlobalSection(SolutionConfigurationPlatforms) = preSolution
		Debug|Any CPU = Debug|Any CPU
		Release|Any CPU = Release|Any CPU
	EndGlobalSection
	GlobalSection(ProjectConfigurationPlatforms) = postSolution
		{F716AD3A-852D-4674-9554-7ACED8919028}.Debug|Any CPU.ActiveCfg = Debug|Any CPU
		{F716AD3A-852D-4674-9554-7ACED8919028}.Debug|Any CPU.Build.0 = Debug|Any CPU
		{F716AD3A-852D-4674-9554-7ACED8919028}.Release|Any CPU.ActiveCfg = Release|Any CPU
		{F716AD3A-852D-4674-9554-7ACED8919028}.Release|Any CPU.Build.0 = Release|Any CPU
	EndGlobalSection
	GlobalSection(SolutionProperties) = preSolution
		HideSolutionNode = FALSE
	EndGlobalSection
	GlobalSection(ExtensibilityGlobals) = postSolution
		SolutionGuid = {4B03DF55-8F81-4EF7-91DD-9A634302BE27}
	EndGlobalSection
EndGlobal
